{
  "name": "examples",
  "version": "1.0.0",
  "lockfileVersion": 2,
  "requires": true,
  "packages": {
    "": {
      "name": "examples",
      "version": "1.0.0",
      "license": "MIT",
      "dependencies": {
        "@sakura-ui/lime-ui": "^1.0.4"
      }
    },
    "node_modules/@sakura-ui/lime-ui": {
      "version": "1.0.4",
      "resolved": "https://registry.npmjs.org/@sakura-ui/lime-ui/-/lime-ui-1.0.4.tgz",
      "integrity": "sha512-+d1vfqMkH1gYEiBPzv67a812+NJNeCu+rgyEsWaDPwlGju4P9Yl/HaD7RHWPa6nS3XBsGoOVf8wqHWC8kWbttA=="
    }
  },
  "dependencies": {
    "@sakura-ui/lime-ui": {
      "version": "1.0.4",
      "resolved": "https://registry.npmjs.org/@sakura-ui/lime-ui/-/lime-ui-1.0.4.tgz",
      "integrity": "sha512-+d1vfqMkH1gYEiBPzv67a812+NJNeCu+rgyEsWaDPwlGju4P9Yl/HaD7RHWPa6nS3XBsGoOVf8wqHWC8kWbttA=="
    }
  }
}
